
Microsoft Visual Studio Solution File, Format Version 12.00
# Visual Studio Version 17
VisualStudioVersion = 17.9.34728.123
MinimumVisualStudioVersion = 10.0.40219.1
Project("{9A19103F-16F7-4668-BE54-9A1E7A4F7556}") = "OrderManagementSystem.API", "OrderManagementSystem\OrderManagementSystem.API.csproj", "{7111FE57-A80C-489D-B402-2697C9159BCC}"
EndProject
Project("{FAE04EC0-301F-11D3-BF4B-00C04F79EFBC}") = "System.Core", "System.Core\System.Core.csproj", "{485C14E6-B1F9-4CAD-9A11-29E071B469E0}"
EndProject
Project("{FAE04EC0-301F-11D3-BF4B-00C04F79EFBC}") = "System.Repository", "System.Repository\System.Repository.csproj", "{FA92D127-BF7B-4A1B-AE9B-AC03D41627E2}"
EndProject
Project("{FAE04EC0-301F-11D3-BF4B-00C04F79EFBC}") = "System.Service", "System.Service\System.Service.csproj", "{DF54EA0F-1C61-478B-95E5-FED995C3C96E}"
EndProject
Global
	GlobalSection(SolutionConfigurationPlatforms) = preSolution
		Debug|Any CPU = Debug|Any CPU
		Release|Any CPU = Release|Any CPU
	EndGlobalSection
	GlobalSection(ProjectConfigurationPlatforms) = postSolution
		{7111FE57-A80C-489D-B402-2697C9159BCC}.Debug|Any CPU.ActiveCfg = Debug|Any CPU
		{7111FE57-A80C-489D-B402-2697C9159BCC}.Debug|Any CPU.Build.0 = Debug|Any CPU
		{7111FE57-A80C-489D-B402-2697C9159BCC}.Release|Any CPU.ActiveCfg = Release|Any CPU
		{7111FE57-A80C-489D-B402-2697C9159BCC}.Release|Any CPU.Build.0 = Release|Any CPU
		{485C14E6-B1F9-4CAD-9A11-29E071B469E0}.Debug|Any CPU.ActiveCfg = Debug|Any CPU
		{485C14E6-B1F9-4CAD-9A11-29E071B469E0}.Debug|Any CPU.Build.0 = Debug|Any CPU
		{485C14E6-B1F9-4CAD-9A11-29E071B469E0}.Release|Any CPU.ActiveCfg = Release|Any CPU
		{485C14E6-B1F9-4CAD-9A11-29E071B469E0}.Release|Any CPU.Build.0 = Release|Any CPU
		{FA92D127-BF7B-4A1B-AE9B-AC03D41627E2}.Debug|Any CPU.ActiveCfg = Debug|Any CPU
		{FA92D127-BF7B-4A1B-AE9B-AC03D41627E2}.Debug|Any CPU.Build.0 = Debug|Any CPU
		{FA92D127-BF7B-4A1B-AE9B-AC03D41627E2}.Release|Any CPU.ActiveCfg = Release|Any CPU
		{FA92D127-BF7B-4A1B-AE9B-AC03D41627E2}.Release|Any CPU.Build.0 = Release|Any CPU
		{DF54EA0F-1C61-478B-95E5-FED995C3C96E}.Debug|Any CPU.ActiveCfg = Debug|Any CPU
		{DF54EA0F-1C61-478B-95E5-FED995C3C96E}.Debug|Any CPU.Build.0 = Debug|Any CPU
		{DF54EA0F-1C61-478B-95E5-FED995C3C96E}.Release|Any CPU.ActiveCfg = Release|Any CPU
		{DF54EA0F-1C61-478B-95E5-FED995C3C96E}.Release|Any CPU.Build.0 = Release|Any CPU
	EndGlobalSection
	GlobalSection(SolutionProperties) = preSolution
		HideSolutionNode = FALSE
	EndGlobalSection
	GlobalSection(ExtensibilityGlobals) = postSolution
		SolutionGuid = {99C44484-95CA-4121-A7DB-B5A4E601EF6F}
	EndGlobalSection
EndGlobal
